
Microsoft Visual Studio Solution File, Format Version 12.00
# Visual Studio Version 16
VisualStudioVersion = 16.0.31515.178
MinimumVisualStudioVersion = 10.0.40219.1
Project("{FAE04EC0-301F-11D3-BF4B-00C04F79EFBC}") = "Muzofond", "Muzofond\Muzofond.csproj", "{92908CE7-6C97-4B2E-8FE6-C353E0C0363E}"
EndProject
Global
	GlobalSection(SolutionConfigurationPlatforms) = preSolution
		Debug|Any CPU = Debug|Any CPU
		Release|Any CPU = Release|Any CPU
	EndGlobalSection
	GlobalSection(ProjectConfigurationPlatforms) = postSolution
		{92908CE7-6C97-4B2E-8FE6-C353E0C0363E}.Debug|Any CPU.ActiveCfg = Debug|Any CPU
		{92908CE7-6C97-4B2E-8FE6-C353E0C0363E}.Debug|Any CPU.Build.0 = Debug|Any CPU
		{92908CE7-6C97-4B2E-8FE6-C353E0C0363E}.Release|Any CPU.ActiveCfg = Release|Any CPU
		{92908CE7-6C97-4B2E-8FE6-C353E0C0363E}.Release|Any CPU.Build.0 = Release|Any CPU
	EndGlobalSection
	GlobalSection(SolutionProperties) = preSolution
		HideSolutionNode = FALSE
	EndGlobalSection
	GlobalSection(ExtensibilityGlobals) = postSolution
		SolutionGuid = {117D2AB7-D1C1-4C09-B8D9-37095A47BF97}
	EndGlobalSection
EndGlobal
